
Microsoft Visual Studio Solution File, Format Version 12.00
# Visual Studio Version 17
VisualStudioVersion = 17.8.34525.116
MinimumVisualStudioVersion = 10.0.40219.1
Project("{2150E333-8FDC-42A3-9474-1A3956D46DE8}") = "1 - Presentation", "1 - Presentation", "{C801131A-9024-47F8-A168-8C1B6C5972CD}"
EndProject
Project("{2150E333-8FDC-42A3-9474-1A3956D46DE8}") = "2 - Application", "2 - Application", "{99EFA425-7B08-4A21-AC6B-8618E508B844}"
EndProject
Project("{2150E333-8FDC-42A3-9474-1A3956D46DE8}") = "3 - Domain", "3 - Domain", "{FE81E20A-C420-417F-9105-1CEBBB0BD08B}"
EndProject
Project("{2150E333-8FDC-42A3-9474-1A3956D46DE8}") = "4 - Infra", "4 - Infra", "{C55D4AA7-57BA-4398-85D0-06D0A8310A45}"
EndProject
Project("{2150E333-8FDC-42A3-9474-1A3956D46DE8}") = "4.1 - Data", "4.1 - Data", "{CB68889F-F96C-4325-A1AC-74734B8A59CA}"
EndProject
Project("{2150E333-8FDC-42A3-9474-1A3956D46DE8}") = "4.2 - CrossCutting", "4.2 - CrossCutting", "{0410AE2D-FDF4-41A0-9534-9FCB612CF896}"
EndProject
Project("{9A19103F-16F7-4668-BE54-9A1E7A4F7556}") = "MottuRental.Domain", "src\MottuRental.Domain\MottuRental.Domain.csproj", "{DD1A18FB-DB34-48D1-95CF-160F395BBBAE}"
EndProject
Project("{9A19103F-16F7-4668-BE54-9A1E7A4F7556}") = "MottuRental.Application", "src\MottuRental.Application\MottuRental.Application.csproj", "{4B61A941-965B-4765-8A76-982AA3199DCE}"
EndProject
Project("{9A19103F-16F7-4668-BE54-9A1E7A4F7556}") = "MottuRental.Data", "src\MottuRental.Data\MottuRental.Data.csproj", "{EC0B6D47-5981-450A-B348-F6F864BE4D47}"
EndProject
Project("{9A19103F-16F7-4668-BE54-9A1E7A4F7556}") = "MottuRental.Infra.CrossCutting.Ioc", "src\MottuRental.Infra.CrossCutting.Ioc\MottuRental.Infra.CrossCutting.Ioc.csproj", "{31B759C0-0A1F-445F-B97A-F9455B9BBE75}"
EndProject
Project("{9A19103F-16F7-4668-BE54-9A1E7A4F7556}") = "MottuRental.Infra.CrossCutting.Commons", "src\MottuRental.Infra.CrossCutting.Commons\MottuRental.Infra.CrossCutting.Commons.csproj", "{066972A4-3376-44FB-9F34-8D36805752CD}"
EndProject
Project("{9A19103F-16F7-4668-BE54-9A1E7A4F7556}") = "MottuRental.Domain.Core", "src\MottuRental.Domain.Core\MottuRental.Domain.Core.csproj", "{0EE0EB18-9601-450F-BCBF-A546DB30B151}"
EndProject
Project("{9A19103F-16F7-4668-BE54-9A1E7A4F7556}") = "MottuRental.Api", "src\MottuRental.Api\MottuRental.Api.csproj", "{F8374198-E672-4F82-8261-EE724C544B24}"
EndProject
Project("{FAE04EC0-301F-11D3-BF4B-00C04F79EFBC}") = "MottuRental.Infra.CrossCutting.MessageBroker", "src\MottuRental.Infra.CrossCutting.MessageBroker\MottuRental.Infra.CrossCutting.MessageBroker.csproj", "{5353F7D8-B305-4F6F-B758-1A6891CC42DD}"
EndProject
Global
	GlobalSection(SolutionConfigurationPlatforms) = preSolution
		Debug|Any CPU = Debug|Any CPU
		Release|Any CPU = Release|Any CPU
	EndGlobalSection
	GlobalSection(ProjectConfigurationPlatforms) = postSolution
		{DD1A18FB-DB34-48D1-95CF-160F395BBBAE}.Debug|Any CPU.ActiveCfg = Debug|Any CPU
		{DD1A18FB-DB34-48D1-95CF-160F395BBBAE}.Debug|Any CPU.Build.0 = Debug|Any CPU
		{DD1A18FB-DB34-48D1-95CF-160F395BBBAE}.Release|Any CPU.ActiveCfg = Release|Any CPU
		{DD1A18FB-DB34-48D1-95CF-160F395BBBAE}.Release|Any CPU.Build.0 = Release|Any CPU
		{4B61A941-965B-4765-8A76-982AA3199DCE}.Debug|Any CPU.ActiveCfg = Debug|Any CPU
		{4B61A941-965B-4765-8A76-982AA3199DCE}.Debug|Any CPU.Build.0 = Debug|Any CPU
		{4B61A941-965B-4765-8A76-982AA3199DCE}.Release|Any CPU.ActiveCfg = Release|Any CPU
		{4B61A941-965B-4765-8A76-982AA3199DCE}.Release|Any CPU.Build.0 = Release|Any CPU
		{EC0B6D47-5981-450A-B348-F6F864BE4D47}.Debug|Any CPU.ActiveCfg = Debug|Any CPU
		{EC0B6D47-5981-450A-B348-F6F864BE4D47}.Debug|Any CPU.Build.0 = Debug|Any CPU
		{EC0B6D47-5981-450A-B348-F6F864BE4D47}.Release|Any CPU.ActiveCfg = Release|Any CPU
		{EC0B6D47-5981-450A-B348-F6F864BE4D47}.Release|Any CPU.Build.0 = Release|Any CPU
		{31B759C0-0A1F-445F-B97A-F9455B9BBE75}.Debug|Any CPU.ActiveCfg = Debug|Any CPU
		{31B759C0-0A1F-445F-B97A-F9455B9BBE75}.Debug|Any CPU.Build.0 = Debug|Any CPU
		{31B759C0-0A1F-445F-B97A-F9455B9BBE75}.Release|Any CPU.ActiveCfg = Release|Any CPU
		{31B759C0-0A1F-445F-B97A-F9455B9BBE75}.Release|Any CPU.Build.0 = Release|Any CPU
		{066972A4-3376-44FB-9F34-8D36805752CD}.Debug|Any CPU.ActiveCfg = Debug|Any CPU
		{066972A4-3376-44FB-9F34-8D36805752CD}.Debug|Any CPU.Build.0 = Debug|Any CPU
		{066972A4-3376-44FB-9F34-8D36805752CD}.Release|Any CPU.ActiveCfg = Release|Any CPU
		{066972A4-3376-44FB-9F34-8D36805752CD}.Release|Any CPU.Build.0 = Release|Any CPU
		{0EE0EB18-9601-450F-BCBF-A546DB30B151}.Debug|Any CPU.ActiveCfg = Debug|Any CPU
		{0EE0EB18-9601-450F-BCBF-A546DB30B151}.Debug|Any CPU.Build.0 = Debug|Any CPU
		{0EE0EB18-9601-450F-BCBF-A546DB30B151}.Release|Any CPU.ActiveCfg = Release|Any CPU
		{0EE0EB18-9601-450F-BCBF-A546DB30B151}.Release|Any CPU.Build.0 = Release|Any CPU
		{F8374198-E672-4F82-8261-EE724C544B24}.Debug|Any CPU.ActiveCfg = Debug|Any CPU
		{F8374198-E672-4F82-8261-EE724C544B24}.Debug|Any CPU.Build.0 = Debug|Any CPU
		{F8374198-E672-4F82-8261-EE724C544B24}.Release|Any CPU.ActiveCfg = Release|Any CPU
		{F8374198-E672-4F82-8261-EE724C544B24}.Release|Any CPU.Build.0 = Release|Any CPU
		{5353F7D8-B305-4F6F-B758-1A6891CC42DD}.Debug|Any CPU.ActiveCfg = Debug|Any CPU
		{5353F7D8-B305-4F6F-B758-1A6891CC42DD}.Debug|Any CPU.Build.0 = Debug|Any CPU
		{5353F7D8-B305-4F6F-B758-1A6891CC42DD}.Release|Any CPU.ActiveCfg = Release|Any CPU
		{5353F7D8-B305-4F6F-B758-1A6891CC42DD}.Release|Any CPU.Build.0 = Release|Any CPU
	EndGlobalSection
	GlobalSection(SolutionProperties) = preSolution
		HideSolutionNode = FALSE
	EndGlobalSection
	GlobalSection(NestedProjects) = preSolution
		{CB68889F-F96C-4325-A1AC-74734B8A59CA} = {C55D4AA7-57BA-4398-85D0-06D0A8310A45}
		{0410AE2D-FDF4-41A0-9534-9FCB612CF896} = {C55D4AA7-57BA-4398-85D0-06D0A8310A45}
		{DD1A18FB-DB34-48D1-95CF-160F395BBBAE} = {FE81E20A-C420-417F-9105-1CEBBB0BD08B}
		{4B61A941-965B-4765-8A76-982AA3199DCE} = {99EFA425-7B08-4A21-AC6B-8618E508B844}
		{EC0B6D47-5981-450A-B348-F6F864BE4D47} = {CB68889F-F96C-4325-A1AC-74734B8A59CA}
		{31B759C0-0A1F-445F-B97A-F9455B9BBE75} = {0410AE2D-FDF4-41A0-9534-9FCB612CF896}
		{066972A4-3376-44FB-9F34-8D36805752CD} = {0410AE2D-FDF4-41A0-9534-9FCB612CF896}
		{0EE0EB18-9601-450F-BCBF-A546DB30B151} = {FE81E20A-C420-417F-9105-1CEBBB0BD08B}
		{F8374198-E672-4F82-8261-EE724C544B24} = {C801131A-9024-47F8-A168-8C1B6C5972CD}
		{5353F7D8-B305-4F6F-B758-1A6891CC42DD} = {0410AE2D-FDF4-41A0-9534-9FCB612CF896}
	EndGlobalSection
	GlobalSection(ExtensibilityGlobals) = postSolution
		SolutionGuid = {B2CE4CCF-87D0-4A0E-95EC-83D80ED8A0A5}
	EndGlobalSection
EndGlobal
